
Microsoft Visual Studio Solution File, Format Version 12.00
# Visual Studio Version 17
VisualStudioVersion = 17.0.31903.59
MinimumVisualStudioVersion = 10.0.40219.1
Project("{2150E333-8FDC-42A3-9474-1A3956D46DE8}") = "src", "src", "{827E0CD3-B72D-47B6-A68D-7590B98EB39B}"
EndProject
Project("{FAE04EC0-301F-11D3-BF4B-00C04F79EFBC}") = "LocalPhotoManager.App", "src\LocalPhotoManager.App\LocalPhotoManager.App.csproj", "{7950AB5C-4437-43FA-93C5-271B542425ED}"
EndProject
Project("{FAE04EC0-301F-11D3-BF4B-00C04F79EFBC}") = "LocalPhotoManager.Core", "src\LocalPhotoManager.Core\LocalPhotoManager.Core.csproj", "{BF71CC86-18E0-4BEA-A544-ABD3545B53BE}"
EndProject
Project("{FAE04EC0-301F-11D3-BF4B-00C04F79EFBC}") = "LocalPhotoManager.Database", "src\LocalPhotoManager.Database\LocalPhotoManager.Database.csproj", "{F90CECA7-CBA7-451E-9D75-D82CC56248A7}"
EndProject
Project("{FAE04EC0-301F-11D3-BF4B-00C04F79EFBC}") = "LocalPhotoManager.Imaging", "src\LocalPhotoManager.Imaging\LocalPhotoManager.Imaging.csproj", "{F9A4F3DA-B1F6-4F01-A485-9C8FDDBAA48F}"
EndProject
Project("{FAE04EC0-301F-11D3-BF4B-00C04F79EFBC}") = "LocalPhotoManager.Infrastructure", "src\LocalPhotoManager.Infrastructure\LocalPhotoManager.Infrastructure.csproj", "{AD7E7812-6597-47A6-B0E3-491FC056FA34}"
EndProject
Project("{2150E333-8FDC-42A3-9474-1A3956D46DE8}") = "tests", "tests", "{0AB3BF05-4346-4AA6-1389-037BE0695223}"
EndProject
Project("{FAE04EC0-301F-11D3-BF4B-00C04F79EFBC}") = "LocalPhotoManager.Core.Tests", "tests\LocalPhotoManager.Core.Tests\LocalPhotoManager.Core.Tests.csproj", "{C1A5C2B7-DB66-46F0-823D-6F42BC661748}"
EndProject
Project("{FAE04EC0-301F-11D3-BF4B-00C04F79EFBC}") = "LocalPhotoManager.Database.Tests", "tests\LocalPhotoManager.Database.Tests\LocalPhotoManager.Database.Tests.csproj", "{5822D02B-2234-451A-AD7C-758B4DC4628D}"
EndProject
Project("{FAE04EC0-301F-11D3-BF4B-00C04F79EFBC}") = "LocalPhotoManager.Infrastructure.Tests", "tests\LocalPhotoManager.Infrastructure.Tests\LocalPhotoManager.Infrastructure.Tests.csproj", "{4EDC40C0-2380-41CA-A23C-13C17367E8E5}"
EndProject
Global
	GlobalSection(SolutionConfigurationPlatforms) = preSolution
		Debug|Any CPU = Debug|Any CPU
		Debug|x64 = Debug|x64
		Debug|x86 = Debug|x86
		Release|Any CPU = Release|Any CPU
		Release|x64 = Release|x64
		Release|x86 = Release|x86
	EndGlobalSection
	GlobalSection(ProjectConfigurationPlatforms) = postSolution
		{7950AB5C-4437-43FA-93C5-271B542425ED}.Debug|Any CPU.ActiveCfg = Debug|x86
		{7950AB5C-4437-43FA-93C5-271B542425ED}.Debug|Any CPU.Build.0 = Debug|x86
		{7950AB5C-4437-43FA-93C5-271B542425ED}.Debug|x64.ActiveCfg = Debug|x64
		{7950AB5C-4437-43FA-93C5-271B542425ED}.Debug|x64.Build.0 = Debug|x64
		{7950AB5C-4437-43FA-93C5-271B542425ED}.Debug|x86.ActiveCfg = Debug|x86
		{7950AB5C-4437-43FA-93C5-271B542425ED}.Debug|x86.Build.0 = Debug|x86
		{7950AB5C-4437-43FA-93C5-271B542425ED}.Release|Any CPU.ActiveCfg = Release|x86
		{7950AB5C-4437-43FA-93C5-271B542425ED}.Release|Any CPU.Build.0 = Release|x86
		{7950AB5C-4437-43FA-93C5-271B542425ED}.Release|x64.ActiveCfg = Release|x64
		{7950AB5C-4437-43FA-93C5-271B542425ED}.Release|x64.Build.0 = Release|x64
		{7950AB5C-4437-43FA-93C5-271B542425ED}.Release|x86.ActiveCfg = Release|x86
		{7950AB5C-4437-43FA-93C5-271B542425ED}.Release|x86.Build.0 = Release|x86
		{BF71CC86-18E0-4BEA-A544-ABD3545B53BE}.Debug|Any CPU.ActiveCfg = Debug|Any CPU
		{BF71CC86-18E0-4BEA-A544-ABD3545B53BE}.Debug|Any CPU.Build.0 = Debug|Any CPU
		{BF71CC86-18E0-4BEA-A544-ABD3545B53BE}.Debug|x64.ActiveCfg = Debug|Any CPU
		{BF71CC86-18E0-4BEA-A544-ABD3545B53BE}.Debug|x64.Build.0 = Debug|Any CPU
		{BF71CC86-18E0-4BEA-A544-ABD3545B53BE}.Debug|x86.ActiveCfg = Debug|Any CPU
		{BF71CC86-18E0-4BEA-A544-ABD3545B53BE}.Debug|x86.Build.0 = Debug|Any CPU
		{BF71CC86-18E0-4BEA-A544-ABD3545B53BE}.Release|Any CPU.ActiveCfg = Release|Any CPU
		{BF71CC86-18E0-4BEA-A544-ABD3545B53BE}.Release|Any CPU.Build.0 = Release|Any CPU
		{BF71CC86-18E0-4BEA-A544-ABD3545B53BE}.Release|x64.ActiveCfg = Release|Any CPU
		{BF71CC86-18E0-4BEA-A544-ABD3545B53BE}.Release|x64.Build.0 = Release|Any CPU
		{BF71CC86-18E0-4BEA-A544-ABD3545B53BE}.Release|x86.ActiveCfg = Release|Any CPU
		{BF71CC86-18E0-4BEA-A544-ABD3545B53BE}.Release|x86.Build.0 = Release|Any CPU
		{F90CECA7-CBA7-451E-9D75-D82CC56248A7}.Debug|Any CPU.ActiveCfg = Debug|Any CPU
		{F90CECA7-CBA7-451E-9D75-D82CC56248A7}.Debug|Any CPU.Build.0 = Debug|Any CPU
		{F90CECA7-CBA7-451E-9D75-D82CC56248A7}.Debug|x64.ActiveCfg = Debug|Any CPU
		{F90CECA7-CBA7-451E-9D75-D82CC56248A7}.Debug|x64.Build.0 = Debug|Any CPU
		{F90CECA7-CBA7-451E-9D75-D82CC56248A7}.Debug|x86.ActiveCfg = Debug|Any CPU
		{F90CECA7-CBA7-451E-9D75-D82CC56248A7}.Debug|x86.Build.0 = Debug|Any CPU
		{F90CECA7-CBA7-451E-9D75-D82CC56248A7}.Release|Any CPU.ActiveCfg = Release|Any CPU
		{F90CECA7-CBA7-451E-9D75-D82CC56248A7}.Release|Any CPU.Build.0 = Release|Any CPU
		{F90CECA7-CBA7-451E-9D75-D82CC56248A7}.Release|x64.ActiveCfg = Release|Any CPU
		{F90CECA7-CBA7-451E-9D75-D82CC56248A7}.Release|x64.Build.0 = Release|Any CPU
		{F90CECA7-CBA7-451E-9D75-D82CC56248A7}.Release|x86.ActiveCfg = Release|Any CPU
		{F90CECA7-CBA7-451E-9D75-D82CC56248A7}.Release|x86.Build.0 = Release|Any CPU
		{F9A4F3DA-B1F6-4F01-A485-9C8FDDBAA48F}.Debug|Any CPU.ActiveCfg = Debug|Any CPU
		{F9A4F3DA-B1F6-4F01-A485-9C8FDDBAA48F}.Debug|Any CPU.Build.0 = Debug|Any CPU
		{F9A4F3DA-B1F6-4F01-A485-9C8FDDBAA48F}.Debug|x64.ActiveCfg = Debug|Any CPU
		{F9A4F3DA-B1F6-4F01-A485-9C8FDDBAA48F}.Debug|x64.Build.0 = Debug|Any CPU
		{F9A4F3DA-B1F6-4F01-A485-9C8FDDBAA48F}.Debug|x86.ActiveCfg = Debug|Any CPU
		{F9A4F3DA-B1F6-4F01-A485-9C8FDDBAA48F}.Debug|x86.Build.0 = Debug|Any CPU
		{F9A4F3DA-B1F6-4F01-A485-9C8FDDBAA48F}.Release|Any CPU.ActiveCfg = Release|Any CPU
		{F9A4F3DA-B1F6-4F01-A485-9C8FDDBAA48F}.Release|Any CPU.Build.0 = Release|Any CPU
		{F9A4F3DA-B1F6-4F01-A485-9C8FDDBAA48F}.Release|x64.ActiveCfg = Release|Any CPU
		{F9A4F3DA-B1F6-4F01-A485-9C8FDDBAA48F}.Release|x64.Build.0 = Release|Any CPU
		{F9A4F3DA-B1F6-4F01-A485-9C8FDDBAA48F}.Release|x86.ActiveCfg = Release|Any CPU
		{F9A4F3DA-B1F6-4F01-A485-9C8FDDBAA48F}.Release|x86.Build.0 = Release|Any CPU
		{AD7E7812-6597-47A6-B0E3-491FC056FA34}.Debug|Any CPU.ActiveCfg = Debug|Any CPU
		{AD7E7812-6597-47A6-B0E3-491FC056FA34}.Debug|Any CPU.Build.0 = Debug|Any CPU
		{AD7E7812-6597-47A6-B0E3-491FC056FA34}.Debug|x64.ActiveCfg = Debug|Any CPU
		{AD7E7812-6597-47A6-B0E3-491FC056FA34}.Debug|x64.Build.0 = Debug|Any CPU
		{AD7E7812-6597-47A6-B0E3-491FC056FA34}.Debug|x86.ActiveCfg = Debug|Any CPU
		{AD7E7812-6597-47A6-B0E3-491FC056FA34}.Debug|x86.Build.0 = Debug|Any CPU
		{AD7E7812-6597-47A6-B0E3-491FC056FA34}.Release|Any CPU.ActiveCfg = Release|Any CPU
		{AD7E7812-6597-47A6-B0E3-491FC056FA34}.Release|Any CPU.Build.0 = Release|Any CPU
		{AD7E7812-6597-47A6-B0E3-491FC056FA34}.Release|x64.ActiveCfg = Release|Any CPU
		{AD7E7812-6597-47A6-B0E3-491FC056FA34}.Release|x64.Build.0 = Release|Any CPU
		{AD7E7812-6597-47A6-B0E3-491FC056FA34}.Release|x86.ActiveCfg = Release|Any CPU
		{AD7E7812-6597-47A6-B0E3-491FC056FA34}.Release|x86.Build.0 = Release|Any CPU
		{C1A5C2B7-DB66-46F0-823D-6F42BC661748}.Debug|Any CPU.ActiveCfg = Debug|Any CPU
		{C1A5C2B7-DB66-46F0-823D-6F42BC661748}.Debug|Any CPU.Build.0 = Debug|Any CPU
		{C1A5C2B7-DB66-46F0-823D-6F42BC661748}.Debug|x64.ActiveCfg = Debug|Any CPU
		{C1A5C2B7-DB66-46F0-823D-6F42BC661748}.Debug|x64.Build.0 = Debug|Any CPU
		{C1A5C2B7-DB66-46F0-823D-6F42BC661748}.Debug|x86.ActiveCfg = Debug|Any CPU
		{C1A5C2B7-DB66-46F0-823D-6F42BC661748}.Debug|x86.Build.0 = Debug|Any CPU
		{C1A5C2B7-DB66-46F0-823D-6F42BC661748}.Release|Any CPU.ActiveCfg = Release|Any CPU
		{C1A5C2B7-DB66-46F0-823D-6F42BC661748}.Release|Any CPU.Build.0 = Release|Any CPU
		{C1A5C2B7-DB66-46F0-823D-6F42BC661748}.Release|x64.ActiveCfg = Release|Any CPU
		{C1A5C2B7-DB66-46F0-823D-6F42BC661748}.Release|x64.Build.0 = Release|Any CPU
		{C1A5C2B7-DB66-46F0-823D-6F42BC661748}.Release|x86.ActiveCfg = Release|Any CPU
		{C1A5C2B7-DB66-46F0-823D-6F42BC661748}.Release|x86.Build.0 = Release|Any CPU
		{5822D02B-2234-451A-AD7C-758B4DC4628D}.Debug|Any CPU.ActiveCfg = Debug|Any CPU
		{5822D02B-2234-451A-AD7C-758B4DC4628D}.Debug|Any CPU.Build.0 = Debug|Any CPU
		{5822D02B-2234-451A-AD7C-758B4DC4628D}.Debug|x64.ActiveCfg = Debug|Any CPU
		{5822D02B-2234-451A-AD7C-758B4DC4628D}.Debug|x64.Build.0 = Debug|Any CPU
		{5822D02B-2234-451A-AD7C-758B4DC4628D}.Debug|x86.ActiveCfg = Debug|Any CPU
		{5822D02B-2234-451A-AD7C-758B4DC4628D}.Debug|x86.Build.0 = Debug|Any CPU
		{5822D02B-2234-451A-AD7C-758B4DC4628D}.Release|Any CPU.ActiveCfg = Release|Any CPU
		{5822D02B-2234-451A-AD7C-758B4DC4628D}.Release|Any CPU.Build.0 = Release|Any CPU
		{5822D02B-2234-451A-AD7C-758B4DC4628D}.Release|x64.ActiveCfg = Release|Any CPU
		{5822D02B-2234-451A-AD7C-758B4DC4628D}.Release|x64.Build.0 = Release|Any CPU
		{5822D02B-2234-451A-AD7C-758B4DC4628D}.Release|x86.ActiveCfg = Release|Any CPU
		{5822D02B-2234-451A-AD7C-758B4DC4628D}.Release|x86.Build.0 = Release|Any CPU
		{4EDC40C0-2380-41CA-A23C-13C17367E8E5}.Debug|Any CPU.ActiveCfg = Debug|Any CPU
		{4EDC40C0-2380-41CA-A23C-13C17367E8E5}.Debug|Any CPU.Build.0 = Debug|Any CPU
		{4EDC40C0-2380-41CA-A23C-13C17367E8E5}.Debug|x64.ActiveCfg = Debug|Any CPU
		{4EDC40C0-2380-41CA-A23C-13C17367E8E5}.Debug|x64.Build.0 = Debug|Any CPU
		{4EDC40C0-2380-41CA-A23C-13C17367E8E5}.Debug|x86.ActiveCfg = Debug|Any CPU
		{4EDC40C0-2380-41CA-A23C-13C17367E8E5}.Debug|x86.Build.0 = Debug|Any CPU
		{4EDC40C0-2380-41CA-A23C-13C17367E8E5}.Release|Any CPU.ActiveCfg = Release|Any CPU
		{4EDC40C0-2380-41CA-A23C-13C17367E8E5}.Release|Any CPU.Build.0 = Release|Any CPU
		{4EDC40C0-2380-41CA-A23C-13C17367E8E5}.Release|x64.ActiveCfg = Release|Any CPU
		{4EDC40C0-2380-41CA-A23C-13C17367E8E5}.Release|x64.Build.0 = Release|Any CPU
		{4EDC40C0-2380-41CA-A23C-13C17367E8E5}.Release|x86.ActiveCfg = Release|Any CPU
		{4EDC40C0-2380-41CA-A23C-13C17367E8E5}.Release|x86.Build.0 = Release|Any CPU
	EndGlobalSection
	GlobalSection(SolutionProperties) = preSolution
		HideSolutionNode = FALSE
	EndGlobalSection
	GlobalSection(NestedProjects) = preSolution
		{7950AB5C-4437-43FA-93C5-271B542425ED} = {827E0CD3-B72D-47B6-A68D-7590B98EB39B}
		{BF71CC86-18E0-4BEA-A544-ABD3545B53BE} = {827E0CD3-B72D-47B6-A68D-7590B98EB39B}
		{F90CECA7-CBA7-451E-9D75-D82CC56248A7} = {827E0CD3-B72D-47B6-A68D-7590B98EB39B}
		{F9A4F3DA-B1F6-4F01-A485-9C8FDDBAA48F} = {827E0CD3-B72D-47B6-A68D-7590B98EB39B}
		{AD7E7812-6597-47A6-B0E3-491FC056FA34} = {827E0CD3-B72D-47B6-A68D-7590B98EB39B}
		{C1A5C2B7-DB66-46F0-823D-6F42BC661748} = {0AB3BF05-4346-4AA6-1389-037BE0695223}
		{5822D02B-2234-451A-AD7C-758B4DC4628D} = {0AB3BF05-4346-4AA6-1389-037BE0695223}
		{4EDC40C0-2380-41CA-A23C-13C17367E8E5} = {0AB3BF05-4346-4AA6-1389-037BE0695223}
	EndGlobalSection
EndGlobal
